
Microsoft Visual Studio Solution File, Format Version 12.00
# Visual Studio 15
VisualStudioVersion = 15.0.28010.2041
MinimumVisualStudioVersion = 10.0.40219.1
Project("{FAE04EC0-301F-11D3-BF4B-00C04F79EFBC}") = "SourceControlFileSelector", "SourceControlFileSelector\SourceControlFileSelector.csproj", "{03B230E7-90DF-4023-B7DE-6C961C0107C6}"
EndProject
Global
	GlobalSection(SolutionConfigurationPlatforms) = preSolution
		Debug|Any CPU = Debug|Any CPU
		Release|Any CPU = Release|Any CPU
	EndGlobalSection
	GlobalSection(ProjectConfigurationPlatforms) = postSolution
		{03B230E7-90DF-4023-B7DE-6C961C0107C6}.Debug|Any CPU.ActiveCfg = Debug|Any CPU
		{03B230E7-90DF-4023-B7DE-6C961C0107C6}.Debug|Any CPU.Build.0 = Debug|Any CPU
		{03B230E7-90DF-4023-B7DE-6C961C0107C6}.Release|Any CPU.ActiveCfg = Release|Any CPU
		{03B230E7-90DF-4023-B7DE-6C961C0107C6}.Release|Any CPU.Build.0 = Release|Any CPU
	EndGlobalSection
	GlobalSection(SolutionProperties) = preSolution
		HideSolutionNode = FALSE
	EndGlobalSection
	GlobalSection(ExtensibilityGlobals) = postSolution
		SolutionGuid = {48C7AD72-6DDE-4CB6-A7FC-69C40F51AED8}
	EndGlobalSection
EndGlobal
